
Microsoft Visual Studio Solution File, Format Version 12.00
# Visual Studio 14
VisualStudioVersion = 14.0.25420.1
MinimumVisualStudioVersion = 10.0.40219.1
Project("{2150E333-8FDC-42A3-9474-1A3956D46DE8}") = "src", "src", "{3EF6DA61-7B9D-4A28-892B-3BC95CAFEB0D}"
EndProject
Project("{2150E333-8FDC-42A3-9474-1A3956D46DE8}") = "Solution Items", "Solution Items", "{3C7CDB57-EF75-4822-9FD3-B45C723E1413}"
	ProjectSection(SolutionItems) = preProject
		global.json = global.json
	EndProjectSection
EndProject
Project("{8BB2217D-0F2D-49D1-97BC-3654ED321F3B}") = "TestarMVCGIT", "src\TestarMVCGIT\TestarMVCGIT.xproj", "{7F977244-E12F-4E7A-942E-A79F2D4B97C0}"
EndProject
Global
	GlobalSection(SolutionConfigurationPlatforms) = preSolution
		Debug|Any CPU = Debug|Any CPU
		Release|Any CPU = Release|Any CPU
	EndGlobalSection
	GlobalSection(ProjectConfigurationPlatforms) = postSolution
		{7F977244-E12F-4E7A-942E-A79F2D4B97C0}.Debug|Any CPU.ActiveCfg = Debug|Any CPU
		{7F977244-E12F-4E7A-942E-A79F2D4B97C0}.Debug|Any CPU.Build.0 = Debug|Any CPU
		{7F977244-E12F-4E7A-942E-A79F2D4B97C0}.Release|Any CPU.ActiveCfg = Release|Any CPU
		{7F977244-E12F-4E7A-942E-A79F2D4B97C0}.Release|Any CPU.Build.0 = Release|Any CPU
	EndGlobalSection
	GlobalSection(SolutionProperties) = preSolution
		HideSolutionNode = FALSE
	EndGlobalSection
	GlobalSection(NestedProjects) = preSolution
		{7F977244-E12F-4E7A-942E-A79F2D4B97C0} = {3EF6DA61-7B9D-4A28-892B-3BC95CAFEB0D}
	EndGlobalSection
EndGlobal
